
Microsoft Visual Studio Solution File, Format Version 12.00
# Visual Studio Version 17
VisualStudioVersion = 17.4.33213.308
MinimumVisualStudioVersion = 10.0.40219.1
Project("{FAE04EC0-301F-11D3-BF4B-00C04F79EFBC}") = "BulkyBookWeb", "BulkyBookWeb\BulkyBookWeb.csproj", "{637C71B5-5B1B-4210-9ABA-B9523406935F}"
EndProject
Global
	GlobalSection(SolutionConfigurationPlatforms) = preSolution
		Debug|Any CPU = Debug|Any CPU
		Release|Any CPU = Release|Any CPU
	EndGlobalSection
	GlobalSection(ProjectConfigurationPlatforms) = postSolution
		{637C71B5-5B1B-4210-9ABA-B9523406935F}.Debug|Any CPU.ActiveCfg = Debug|Any CPU
		{637C71B5-5B1B-4210-9ABA-B9523406935F}.Debug|Any CPU.Build.0 = Debug|Any CPU
		{637C71B5-5B1B-4210-9ABA-B9523406935F}.Release|Any CPU.ActiveCfg = Release|Any CPU
		{637C71B5-5B1B-4210-9ABA-B9523406935F}.Release|Any CPU.Build.0 = Release|Any CPU
	EndGlobalSection
	GlobalSection(SolutionProperties) = preSolution
		HideSolutionNode = FALSE
	EndGlobalSection
	GlobalSection(ExtensibilityGlobals) = postSolution
		SolutionGuid = {F7F4566A-D5EC-4AA4-A954-439F7E4E5121}
	EndGlobalSection
EndGlobal
